// !$*UTF8*$!
{
	archiveVersion = 1;
	classes = {
	};
	objectVersion = 46;
	objects = {

/* Begin PBXBuildFile section */
		0A96A18F349796309E4301A4 /* Pods.framework in Frameworks */ = {isa = PBXBuildFile; fileRef = 0B106E8F0FF72CB83FB97351 /* Pods.framework */; };
		81AA06C21C7FF32D00317E7E /* RecordsViewController.swift in Sources */ = {isa = PBXBuildFile; fileRef = 81AA06BF1C7FF32D00317E7E /* RecordsViewController.swift */; };
		81AA06C31C7FF32D00317E7E /* SingleRecordViewController.swift in Sources */ = {isa = PBXBuildFile; fileRef = 81AA06C01C7FF32D00317E7E /* SingleRecordViewController.swift */; };
		81AA06C41C7FF32D00317E7E /* StatusViewController.swift in Sources */ = {isa = PBXBuildFile; fileRef = 81AA06C11C7FF32D00317E7E /* StatusViewController.swift */; };
		81AA06C71C7FF34500317E7E /* Main.storyboard in Resources */ = {isa = PBXBuildFile; fileRef = 81AA06C51C7FF34500317E7E /* Main.storyboard */; };
		81AA06CB1C7FF38A00317E7E /* RecordsTableViewCell.swift in Sources */ = {isa = PBXBuildFile; fileRef = 81AA06C91C7FF38A00317E7E /* RecordsTableViewCell.swift */; };
		81AA06CC1C7FF38A00317E7E /* SingleRecordDetailTableViewCell.swift in Sources */ = {isa = PBXBuildFile; fileRef = 81AA06CA1C7FF38A00317E7E /* SingleRecordDetailTableViewCell.swift */; };
		81AA06D11C7FF39800317E7E /* DetectedRecord.swift in Sources */ = {isa = PBXBuildFile; fileRef = 81AA06CE1C7FF39800317E7E /* DetectedRecord.swift */; };
		81AA06D21C7FF39800317E7E /* Detector.swift in Sources */ = {isa = PBXBuildFile; fileRef = 81AA06CF1C7FF39800317E7E /* Detector.swift */; };
		81AA06D31C7FF39800317E7E /* DeviceStatusDataModel.swift in Sources */ = {isa = PBXBuildFile; fileRef = 81AA06D01C7FF39800317E7E /* DeviceStatusDataModel.swift */; };
		81AA06D71C7FF3AD00317E7E /* DBAdapter.swift in Sources */ = {isa = PBXBuildFile; fileRef = 81AA06D51C7FF3AD00317E7E /* DBAdapter.swift */; };
		81AA06D81C7FF3AD00317E7E /* DBHelper.swift in Sources */ = {isa = PBXBuildFile; fileRef = 81AA06D61C7FF3AD00317E7E /* DBHelper.swift */; };
		81AA070D1C7FF3B500317E7E /* CameraController.swift in Sources */ = {isa = PBXBuildFile; fileRef = 81AA06DA1C7FF3B500317E7E /* CameraController.swift */; };
		81AA070E1C7FF3B500317E7E /* CVWrapper.mm in Sources */ = {isa = PBXBuildFile; fileRef = 81AA06DE1C7FF3B500317E7E /* CVWrapper.mm */; };
		81AA070F1C7FF3B500317E7E /* stitching.cpp in Sources */ = {isa = PBXBuildFile; fileRef = 81AA06DF1C7FF3B500317E7E /* stitching.cpp */; };
		81AA07101C7FF3B500317E7E /* UIImage+OpenCV.mm in Sources */ = {isa = PBXBuildFile; fileRef = 81AA06E21C7FF3B500317E7E /* UIImage+OpenCV.mm */; };
		81AA07111C7FF3B500317E7E /* UIImage+Rotate.m in Sources */ = {isa = PBXBuildFile; fileRef = 81AA06E41C7FF3B500317E7E /* UIImage+Rotate.m */; };
		81AA07121C7FF3B500317E7E /* ViewController.swift in Sources */ = {isa = PBXBuildFile; fileRef = 81AA06E51C7FF3B500317E7E /* ViewController.swift */; };
		81AA07131C7FF3B500317E7E /* chars_identify.cpp in Sources */ = {isa = PBXBuildFile; fileRef = 81AA06E71C7FF3B500317E7E /* chars_identify.cpp */; };
		81AA07141C7FF3B500317E7E /* chars_recognise.cpp in Sources */ = {isa = PBXBuildFile; fileRef = 81AA06E81C7FF3B500317E7E /* chars_recognise.cpp */; };
		81AA07151C7FF3B500317E7E /* chars_segment.cpp in Sources */ = {isa = PBXBuildFile; fileRef = 81AA06E91C7FF3B500317E7E /* chars_segment.cpp */; };
		81AA07161C7FF3B500317E7E /* core_func.cpp in Sources */ = {isa = PBXBuildFile; fileRef = 81AA06EA1C7FF3B500317E7E /* core_func.cpp */; };
		81AA07171C7FF3B500317E7E /* feature.cpp in Sources */ = {isa = PBXBuildFile; fileRef = 81AA06EB1C7FF3B500317E7E /* feature.cpp */; };
		81AA07181C7FF3B500317E7E /* plate.cpp in Sources */ = {isa = PBXBuildFile; fileRef = 81AA06EC1C7FF3B500317E7E /* plate.cpp */; };
		81AA07191C7FF3B500317E7E /* plate_detect.cpp in Sources */ = {isa = PBXBuildFile; fileRef = 81AA06ED1C7FF3B500317E7E /* plate_detect.cpp */; };
		81AA071A1C7FF3B500317E7E /* plate_judge.cpp in Sources */ = {isa = PBXBuildFile; fileRef = 81AA06EE1C7FF3B500317E7E /* plate_judge.cpp */; };
		81AA071B1C7FF3B500317E7E /* plate_locate.cpp in Sources */ = {isa = PBXBuildFile; fileRef = 81AA06EF1C7FF3B500317E7E /* plate_locate.cpp */; };
		81AA071C1C7FF3B500317E7E /* plate_recognize.cpp in Sources */ = {isa = PBXBuildFile; fileRef = 81AA06F01C7FF3B500317E7E /* plate_recognize.cpp */; };
		81AA071D1C7FF3B500317E7E /* IdentifyResult.m in Sources */ = {isa = PBXBuildFile; fileRef = 81AA06F21C7FF3B500317E7E /* IdentifyResult.m */; };
		81AA071F1C7FF3B500317E7E /* UIImageCVMatConverter.mm in Sources */ = {isa = PBXBuildFile; fileRef = 81AA07041C7FF3B500317E7E /* UIImageCVMatConverter.mm */; };
		81AA07201C7FF3B500317E7E /* ann - bak.xml in Resources */ = {isa = PBXBuildFile; fileRef = 81AA07061C7FF3B500317E7E /* ann - bak.xml */; };
		81AA07211C7FF3B500317E7E /* ann.xml in Resources */ = {isa = PBXBuildFile; fileRef = 81AA07071C7FF3B500317E7E /* ann.xml */; };
		81AA07221C7FF3B500317E7E /* haarcascade_frontalface_alt_tree.xml in Resources */ = {isa = PBXBuildFile; fileRef = 81AA07081C7FF3B500317E7E /* haarcascade_frontalface_alt_tree.xml */; };
		81AA07231C7FF3B500317E7E /* haarcascade_frontalface_default.xml in Resources */ = {isa = PBXBuildFile; fileRef = 81AA07091C7FF3B500317E7E /* haarcascade_frontalface_default.xml */; };
		81AA07241C7FF3B500317E7E /* svm.xml in Resources */ = {isa = PBXBuildFile; fileRef = 81AA070A1C7FF3B500317E7E /* svm.xml */; };
		81AA07261C7FF3B500317E7E /* RecognizePlate.swift in Sources */ = {isa = PBXBuildFile; fileRef = 81AA070C1C7FF3B500317E7E /* RecognizePlate.swift */; };
		81AA07491C7FF3D200317E7E /* TNClientSocket.swift in Sources */ = {isa = PBXBuildFile; fileRef = 81AA073D1C7FF3D200317E7E /* TNClientSocket.swift */; };
		81AA075A1C7FF53900317E7E /* theme.swift in Sources */ = {isa = PBXBuildFile; fileRef = 81AA07571C7FF53900317E7E /* theme.swift */; };
		81AA075B1C7FF53900317E7E /* TNiOSHelper.swift in Sources */ = {isa = PBXBuildFile; fileRef = 81AA07581C7FF53900317E7E /* TNiOSHelper.swift */; };
		81AA076C1C802A7800317E7E /* ysocket.framework in CopyFiles */ = {isa = PBXBuildFile; fileRef = 81AA07691C7FF8AB00317E7E /* ysocket.framework */; settings = {ATTRIBUTES = (CodeSignOnCopy, RemoveHeadersOnCopy, ); }; };
		81AA076D1C802BBC00317E7E /* libturbojpeg.a in Frameworks */ = {isa = PBXBuildFile; fileRef = 81AA07011C7FF3B500317E7E /* libturbojpeg.a */; };
		81AA076E1C802BBC00317E7E /* opencv2.framework in Frameworks */ = {isa = PBXBuildFile; fileRef = 81AA070B1C7FF3B500317E7E /* opencv2.framework */; };
		81D858861C7FF04000E0E3E0 /* AppDelegate.swift in Sources */ = {isa = PBXBuildFile; fileRef = 81D858851C7FF04000E0E3E0 /* AppDelegate.swift */; };
		81D8588D1C7FF04000E0E3E0 /* Assets.xcassets in Resources */ = {isa = PBXBuildFile; fileRef = 81D8588C1C7FF04000E0E3E0 /* Assets.xcassets */; };
		81D858901C7FF04000E0E3E0 /* LaunchScreen.storyboard in Resources */ = {isa = PBXBuildFile; fileRef = 81D8588E1C7FF04000E0E3E0 /* LaunchScreen.storyboard */; };
		81D858951C7FF04100E0E3E0 /* PortableDetectorWithAppleWatch WatchKit App.app in Embed Watch Content */ = {isa = PBXBuildFile; fileRef = 81D858941C7FF04100E0E3E0 /* PortableDetectorWithAppleWatch WatchKit App.app */; };
		81D8589B1C7FF04100E0E3E0 /* Interface.storyboard in Resources */ = {isa = PBXBuildFile; fileRef = 81D858991C7FF04100E0E3E0 /* Interface.storyboard */; };
		81D8589D1C7FF04100E0E3E0 /* Assets.xcassets in Resources */ = {isa = PBXBuildFile; fileRef = 81D8589C1C7FF04100E0E3E0 /* Assets.xcassets */; };
		81D858A41C7FF04100E0E3E0 /* PortableDetectorWithAppleWatch WatchKit Extension.appex in Embed App Extensions */ = {isa = PBXBuildFile; fileRef = 81D858A31C7FF04100E0E3E0 /* PortableDetectorWithAppleWatch WatchKit Extension.appex */; settings = {ATTRIBUTES = (RemoveHeadersOnCopy, ); }; };
		81D858A91C7FF04100E0E3E0 /* InterfaceController.swift in Sources */ = {isa = PBXBuildFile; fileRef = 81D858A81C7FF04100E0E3E0 /* InterfaceController.swift */; };
		81D858AB1C7FF04100E0E3E0 /* ExtensionDelegate.swift in Sources */ = {isa = PBXBuildFile; fileRef = 81D858AA1C7FF04100E0E3E0 /* ExtensionDelegate.swift */; };
		81D858AD1C7FF04100E0E3E0 /* Assets.xcassets in Resources */ = {isa = PBXBuildFile; fileRef = 81D858AC1C7FF04100E0E3E0 /* Assets.xcassets */; };
/* End PBXBuildFile section */

/* Begin PBXContainerItemProxy section */
		81AA07661C7FF8AB00317E7E /* PBXContainerItemProxy */ = {
			isa = PBXContainerItemProxy;
			containerPortal = 81AA07601C7FF8AA00317E7E /* SwiftSocket.xcodeproj */;
			proxyType = 2;
			remoteGlobalIDString = 5518C82F19A329100049DC22;
			remoteInfo = SwiftSocket;
		};
		81AA07681C7FF8AB00317E7E /* PBXContainerItemProxy */ = {
			isa = PBXContainerItemProxy;
			containerPortal = 81AA07601C7FF8AA00317E7E /* SwiftSocket.xcodeproj */;
			proxyType = 2;
			remoteGlobalIDString = D43083871A565F7F004DE4D4;
			remoteInfo = ysocket;
		};
		81AA076A1C7FF8AB00317E7E /* PBXContainerItemProxy */ = {
			isa = PBXContainerItemProxy;
			containerPortal = 81AA07601C7FF8AA00317E7E /* SwiftSocket.xcodeproj */;
			proxyType = 2;
			remoteGlobalIDString = D4F0E4051A5661260085C247;
			remoteInfo = ysocketOSX;
		};
		81D858961C7FF04100E0E3E0 /* PBXContainerItemProxy */ = {
			isa = PBXContainerItemProxy;
			containerPortal = 81D8587A1C7FF04000E0E3E0 /* Project object */;
			proxyType = 1;
			remoteGlobalIDString = 81D858931C7FF04100E0E3E0;
			remoteInfo = "PortableDetectorWithAppleWatch WatchKit App";
		};
		81D858A51C7FF04100E0E3E0 /* PBXContainerItemProxy */ = {
			isa = PBXContainerItemProxy;
			containerPortal = 81D8587A1C7FF04000E0E3E0 /* Project object */;
			proxyType = 1;
			remoteGlobalIDString = 81D858A21C7FF04100E0E3E0;
			remoteInfo = "PortableDetectorWithAppleWatch WatchKit Extension";
		};
/* End PBXContainerItemProxy section */

/* Begin PBXCopyFilesBuildPhase section */
		81AA07541C7FF3ED00317E7E /* CopyFiles */ = {
			isa = PBXCopyFilesBuildPhase;
			buildActionMask = 2147483647;
			dstPath = "";
			dstSubfolderSpec = 10;
			files = (
				81AA076C1C802A7800317E7E /* ysocket.framework in CopyFiles */,
			);
			runOnlyForDeploymentPostprocessing = 0;
		};
		81D858B41C7FF04100E0E3E0 /* Embed App Extensions */ = {
			isa = PBXCopyFilesBuildPhase;
			buildActionMask = 2147483647;
			dstPath = "";
			dstSubfolderSpec = 13;
			files = (
				81D858A41C7FF04100E0E3E0 /* PortableDetectorWithAppleWatch WatchKit Extension.appex in Embed App Extensions */,
			);
			name = "Embed App Extensions";
			runOnlyForDeploymentPostprocessing = 0;
		};
		81D858B81C7FF04100E0E3E0 /* Embed Watch Content */ = {
			isa = PBXCopyFilesBuildPhase;
			buildActionMask = 2147483647;
			dstPath = "$(CONTENTS_FOLDER_PATH)/Watch";
			dstSubfolderSpec = 16;
			files = (
				81D858951C7FF04100E0E3E0 /* PortableDetectorWithAppleWatch WatchKit App.app in Embed Watch Content */,
			);
			name = "Embed Watch Content";
			runOnlyForDeploymentPostprocessing = 0;
		};
/* End PBXCopyFilesBuildPhase section */

/* Begin PBXFileReference section */
		0B106E8F0FF72CB83FB97351 /* Pods.framework */ = {isa = PBXFileReference; explicitFileType = wrapper.framework; includeInIndex = 0; path = Pods.framework; sourceTree = BUILT_PRODUCTS_DIR; };
		359D938AA33581C75C83E5B2 /* Pods.debug.xcconfig */ = {isa = PBXFileReference; includeInIndex = 1; lastKnownFileType = text.xcconfig; name = Pods.debug.xcconfig; path = "Pods/Target Support Files/Pods/Pods.debug.xcconfig"; sourceTree = "<group>"; };
		42AA9ABC67050B97A2711E53 /* Pods.release.xcconfig */ = {isa = PBXFileReference; includeInIndex = 1; lastKnownFileType = text.xcconfig; name = Pods.release.xcconfig; path = "Pods/Target Support Files/Pods/Pods.release.xcconfig"; sourceTree = "<group>"; };
		81AA06BF1C7FF32D00317E7E /* RecordsViewController.swift */ = {isa = PBXFileReference; fileEncoding = 4; lastKnownFileType = sourcecode.swift; path = RecordsViewController.swift; sourceTree = "<group>"; };
		81AA06C01C7FF32D00317E7E /* SingleRecordViewController.swift */ = {isa = PBXFileReference; fileEncoding = 4; lastKnownFileType = sourcecode.swift; path = SingleRecordViewController.swift; sourceTree = "<group>"; };
		81AA06C11C7FF32D00317E7E /* StatusViewController.swift */ = {isa = PBXFileReference; fileEncoding = 4; lastKnownFileType = sourcecode.swift; path = StatusViewController.swift; sourceTree = "<group>"; };
		81AA06C61C7FF34500317E7E /* Base */ = {isa = PBXFileReference; lastKnownFileType = file.storyboard; name = Base; path = Base.lproj/Main.storyboard; sourceTree = "<group>"; };
		81AA06C91C7FF38A00317E7E /* RecordsTableViewCell.swift */ = {isa = PBXFileReference; fileEncoding = 4; lastKnownFileType = sourcecode.swift; path = RecordsTableViewCell.swift; sourceTree = "<group>"; };
		81AA06CA1C7FF38A00317E7E /* SingleRecordDetailTableViewCell.swift */ = {isa = PBXFileReference; fileEncoding = 4; lastKnownFileType = sourcecode.swift; path = SingleRecordDetailTableViewCell.swift; sourceTree = "<group>"; };
		81AA06CE1C7FF39800317E7E /* DetectedRecord.swift */ = {isa = PBXFileReference; fileEncoding = 4; lastKnownFileType = sourcecode.swift; path = DetectedRecord.swift; sourceTree = "<group>"; };
		81AA06CF1C7FF39800317E7E /* Detector.swift */ = {isa = PBXFileReference; fileEncoding = 4; lastKnownFileType = sourcecode.swift; path = Detector.swift; sourceTree = "<group>"; };
		81AA06D01C7FF39800317E7E /* DeviceStatusDataModel.swift */ = {isa = PBXFileReference; fileEncoding = 4; lastKnownFileType = sourcecode.swift; path = DeviceStatusDataModel.swift; sourceTree = "<group>"; };
		81AA06D51C7FF3AD00317E7E /* DBAdapter.swift */ = {isa = PBXFileReference; fileEncoding = 4; lastKnownFileType = sourcecode.swift; path = DBAdapter.swift; sourceTree = "<group>"; };
		81AA06D61C7FF3AD00317E7E /* DBHelper.swift */ = {isa = PBXFileReference; fileEncoding = 4; lastKnownFileType = sourcecode.swift; path = DBHelper.swift; sourceTree = "<group>"; };
		81AA06DA1C7FF3B500317E7E /* CameraController.swift */ = {isa = PBXFileReference; fileEncoding = 4; lastKnownFileType = sourcecode.swift; path = CameraController.swift; sourceTree = "<group>"; };
		81AA06DD1C7FF3B500317E7E /* CVWrapper.h */ = {isa = PBXFileReference; fileEncoding = 4; lastKnownFileType = sourcecode.c.h; path = CVWrapper.h; sourceTree = "<group>"; };
		81AA06DE1C7FF3B500317E7E /* CVWrapper.mm */ = {isa = PBXFileReference; fileEncoding = 4; lastKnownFileType = sourcecode.cpp.objcpp; path = CVWrapper.mm; sourceTree = "<group>"; };
		81AA06DF1C7FF3B500317E7E /* stitching.cpp */ = {isa = PBXFileReference; fileEncoding = 4; lastKnownFileType = sourcecode.cpp.cpp; path = stitching.cpp; sourceTree = "<group>"; };
		81AA06E01C7FF3B500317E7E /* stitching.h */ = {isa = PBXFileReference; fileEncoding = 4; lastKnownFileType = sourcecode.c.h; path = stitching.h; sourceTree = "<group>"; };
		81AA06E11C7FF3B500317E7E /* UIImage+OpenCV.h */ = {isa = PBXFileReference; fileEncoding = 4; lastKnownFileType = sourcecode.c.h; path = "UIImage+OpenCV.h"; sourceTree = "<group>"; };
		81AA06E21C7FF3B500317E7E /* UIImage+OpenCV.mm */ = {isa = PBXFileReference; fileEncoding = 4; lastKnownFileType = sourcecode.cpp.objcpp; path = "UIImage+OpenCV.mm"; sourceTree = "<group>"; };
		81AA06E31C7FF3B500317E7E /* UIImage+Rotate.h */ = {isa = PBXFileReference; fileEncoding = 4; lastKnownFileType = sourcecode.c.h; path = "UIImage+Rotate.h"; sourceTree = "<group>"; };
		81AA06E41C7FF3B500317E7E /* UIImage+Rotate.m */ = {isa = PBXFileReference; fileEncoding = 4; lastKnownFileType = sourcecode.c.objc; path = "UIImage+Rotate.m"; sourceTree = "<group>"; };
		81AA06E51C7FF3B500317E7E /* ViewController.swift */ = {isa = PBXFileReference; fileEncoding = 4; lastKnownFileType = sourcecode.swift; path = ViewController.swift; sourceTree = "<group>"; };
		81AA06E71C7FF3B500317E7E /* chars_identify.cpp */ = {isa = PBXFileReference; fileEncoding = 4; lastKnownFileType = sourcecode.cpp.cpp; path = chars_identify.cpp; sourceTree = "<group>"; };
		81AA06E81C7FF3B500317E7E /* chars_recognise.cpp */ = {isa = PBXFileReference; fileEncoding = 4; lastKnownFileType = sourcecode.cpp.cpp; path = chars_recognise.cpp; sourceTree = "<group>"; };
		81AA06E91C7FF3B500317E7E /* chars_segment.cpp */ = {isa = PBXFileReference; fileEncoding = 4; lastKnownFileType = sourcecode.cpp.cpp; path = chars_segment.cpp; sourceTree = "<group>"; };
		81AA06EA1C7FF3B500317E7E /* core_func.cpp */ = {isa = PBXFileReference; fileEncoding = 4; lastKnownFileType = sourcecode.cpp.cpp; path = core_func.cpp; sourceTree = "<group>"; };
		81AA06EB1C7FF3B500317E7E /* feature.cpp */ = {isa = PBXFileReference; fileEncoding = 4; lastKnownFileType = sourcecode.cpp.cpp; path = feature.cpp; sourceTree = "<group>"; };
		81AA06EC1C7FF3B500317E7E /* plate.cpp */ = {isa = PBXFileReference; fileEncoding = 4; lastKnownFileType = sourcecode.cpp.cpp; path = plate.cpp; sourceTree = "<group>"; };
		81AA06ED1C7FF3B500317E7E /* plate_detect.cpp */ = {isa = PBXFileReference; fileEncoding = 4; lastKnownFileType = sourcecode.cpp.cpp; path = plate_detect.cpp; sourceTree = "<group>"; };
		81AA06EE1C7FF3B500317E7E /* plate_judge.cpp */ = {isa = PBXFileReference; fileEncoding = 4; lastKnownFileType = sourcecode.cpp.cpp; path = plate_judge.cpp; sourceTree = "<group>"; };
		81AA06EF1C7FF3B500317E7E /* plate_locate.cpp */ = {isa = PBXFileReference; fileEncoding = 4; lastKnownFileType = sourcecode.cpp.cpp; path = plate_locate.cpp; sourceTree = "<group>"; };
		81AA06F01C7FF3B500317E7E /* plate_recognize.cpp */ = {isa = PBXFileReference; fileEncoding = 4; lastKnownFileType = sourcecode.cpp.cpp; path = plate_recognize.cpp; sourceTree = "<group>"; };
		81AA06F11C7FF3B500317E7E /* IdentifyResult.h */ = {isa = PBXFileReference; fileEncoding = 4; lastKnownFileType = sourcecode.c.h; path = IdentifyResult.h; sourceTree = "<group>"; };
		81AA06F21C7FF3B500317E7E /* IdentifyResult.m */ = {isa = PBXFileReference; fileEncoding = 4; lastKnownFileType = sourcecode.c.objc; path = IdentifyResult.m; sourceTree = "<group>"; };
		81AA06F41C7FF3B500317E7E /* chars_identify.h */ = {isa = PBXFileReference; fileEncoding = 4; lastKnownFileType = sourcecode.c.h; path = chars_identify.h; sourceTree = "<group>"; };
		81AA06F51C7FF3B500317E7E /* chars_recognise.h */ = {isa = PBXFileReference; fileEncoding = 4; lastKnownFileType = sourcecode.c.h; path = chars_recognise.h; sourceTree = "<group>"; };
		81AA06F61C7FF3B500317E7E /* chars_segment.h */ = {isa = PBXFileReference; fileEncoding = 4; lastKnownFileType = sourcecode.c.h; path = chars_segment.h; sourceTree = "<group>"; };
		81AA06F71C7FF3B500317E7E /* core_func.h */ = {isa = PBXFileReference; fileEncoding = 4; lastKnownFileType = sourcecode.c.h; path = core_func.h; sourceTree = "<group>"; };
		81AA06F81C7FF3B500317E7E /* CParser.h */ = {isa = PBXFileReference; fileEncoding = 4; lastKnownFileType = sourcecode.c.h; path = CParser.h; sourceTree = "<group>"; };
		81AA06F91C7FF3B500317E7E /* feature.h */ = {isa = PBXFileReference; fileEncoding = 4; lastKnownFileType = sourcecode.c.h; path = feature.h; sourceTree = "<group>"; };
		81AA06FA1C7FF3B500317E7E /* plate.h */ = {isa = PBXFileReference; fileEncoding = 4; lastKnownFileType = sourcecode.c.h; path = plate.h; sourceTree = "<group>"; };
		81AA06FB1C7FF3B500317E7E /* plate_detect.h */ = {isa = PBXFileReference; fileEncoding = 4; lastKnownFileType = sourcecode.c.h; path = plate_detect.h; sourceTree = "<group>"; };
		81AA06FC1C7FF3B500317E7E /* plate_judge.h */ = {isa = PBXFileReference; fileEncoding = 4; lastKnownFileType = sourcecode.c.h; path = plate_judge.h; sourceTree = "<group>"; };
		81AA06FD1C7FF3B500317E7E /* plate_locate.h */ = {isa = PBXFileReference; fileEncoding = 4; lastKnownFileType = sourcecode.c.h; path = plate_locate.h; sourceTree = "<group>"; };
		81AA06FE1C7FF3B500317E7E /* plate_recognize.h */ = {isa = PBXFileReference; fileEncoding = 4; lastKnownFileType = sourcecode.c.h; path = plate_recognize.h; sourceTree = "<group>"; };
		81AA06FF1C7FF3B500317E7E /* prep.h */ = {isa = PBXFileReference; fileEncoding = 4; lastKnownFileType = sourcecode.c.h; path = prep.h; sourceTree = "<group>"; };
		81AA07001C7FF3B500317E7E /* util.h */ = {isa = PBXFileReference; fileEncoding = 4; lastKnownFileType = sourcecode.c.h; path = util.h; sourceTree = "<group>"; };
		81AA07011C7FF3B500317E7E /* libturbojpeg.a */ = {isa = PBXFileReference; lastKnownFileType = archive.ar; path = libturbojpeg.a; sourceTree = "<group>"; };
		81AA07031C7FF3B500317E7E /* UIImageCVMatConverter.h */ = {isa = PBXFileReference; fileEncoding = 4; lastKnownFileType = sourcecode.c.h; path = UIImageCVMatConverter.h; sourceTree = "<group>"; };
		81AA07041C7FF3B500317E7E /* UIImageCVMatConverter.mm */ = {isa = PBXFileReference; fileEncoding = 4; lastKnownFileType = sourcecode.cpp.objcpp; path = UIImageCVMatConverter.mm; sourceTree = "<group>"; };
		81AA07061C7FF3B500317E7E /* ann - bak.xml */ = {isa = PBXFileReference; fileEncoding = 4; lastKnownFileType = text.xml; path = "ann - bak.xml"; sourceTree = "<group>"; };
		81AA07071C7FF3B500317E7E /* ann.xml */ = {isa = PBXFileReference; fileEncoding = 4; lastKnownFileType = text.xml; path = ann.xml; sourceTree = "<group>"; };
		81AA07081C7FF3B500317E7E /* haarcascade_frontalface_alt_tree.xml */ = {isa = PBXFileReference; fileEncoding = 4; lastKnownFileType = text.xml; path = haarcascade_frontalface_alt_tree.xml; sourceTree = "<group>"; };
		81AA07091C7FF3B500317E7E /* haarcascade_frontalface_default.xml */ = {isa = PBXFileReference; fileEncoding = 4; lastKnownFileType = text.xml; path = haarcascade_frontalface_default.xml; sourceTree = "<group>"; };
		81AA070A1C7FF3B500317E7E /* svm.xml */ = {isa = PBXFileReference; fileEncoding = 4; lastKnownFileType = text.xml; path = svm.xml; sourceTree = "<group>"; };
		81AA070B1C7FF3B500317E7E /* opencv2.framework */ = {isa = PBXFileReference; lastKnownFileType = wrapper.framework; path = opencv2.framework; sourceTree = "<group>"; };
		81AA070C1C7FF3B500317E7E /* RecognizePlate.swift */ = {isa = PBXFileReference; fileEncoding = 4; lastKnownFileType = sourcecode.swift; path = RecognizePlate.swift; sourceTree = "<group>"; };
		81AA073D1C7FF3D200317E7E /* TNClientSocket.swift */ = {isa = PBXFileReference; fileEncoding = 4; lastKnownFileType = sourcecode.swift; path = TNClientSocket.swift; sourceTree = "<group>"; };
		81AA07571C7FF53900317E7E /* theme.swift */ = {isa = PBXFileReference; fileEncoding = 4; lastKnownFileType = sourcecode.swift; path = theme.swift; sourceTree = "<group>"; };
		81AA07581C7FF53900317E7E /* TNiOSHelper.swift */ = {isa = PBXFileReference; fileEncoding = 4; lastKnownFileType = sourcecode.swift; path = TNiOSHelper.swift; sourceTree = "<group>"; };
		81AA075E1C7FF6DD00317E7E /* PortableDetectorWithAppleWatch-Bridging-Header.h */ = {isa = PBXFileReference; fileEncoding = 4; lastKnownFileType = sourcecode.c.h; path = "PortableDetectorWithAppleWatch-Bridging-Header.h"; sourceTree = "<group>"; };
		81AA07601C7FF8AA00317E7E /* SwiftSocket.xcodeproj */ = {isa = PBXFileReference; lastKnownFileType = "wrapper.pb-project"; name = SwiftSocket.xcodeproj; path = "SwiftSocket-master/SwiftSocket.xcodeproj"; sourceTree = "<group>"; };
		81D858821C7FF04000E0E3E0 /* PortableDetectorWithAppleWatch.app */ = {isa = PBXFileReference; explicitFileType = wrapper.application; includeInIndex = 0; path = PortableDetectorWithAppleWatch.app; sourceTree = BUILT_PRODUCTS_DIR; };
		81D858851C7FF04000E0E3E0 /* AppDelegate.swift */ = {isa = PBXFileReference; lastKnownFileType = sourcecode.swift; path = AppDelegate.swift; sourceTree = "<group>"; };
		81D8588C1C7FF04000E0E3E0 /* Assets.xcassets */ = {isa = PBXFileReference; lastKnownFileType = folder.assetcatalog; path = Assets.xcassets; sourceTree = "<group>"; };
		81D8588F1C7FF04000E0E3E0 /* Base */ = {isa = PBXFileReference; lastKnownFileType = file.storyboard; name = Base; path = Base.lproj/LaunchScreen.storyboard; sourceTree = "<group>"; };
		81D858911C7FF04000E0E3E0 /* Info.plist */ = {isa = PBXFileReference; lastKnownFileType = text.plist.xml; path = Info.plist; sourceTree = "<group>"; };
		81D858941C7FF04100E0E3E0 /* PortableDetectorWithAppleWatch WatchKit App.app */ = {isa = PBXFileReference; explicitFileType = wrapper.application; includeInIndex = 0; path = "PortableDetectorWithAppleWatch WatchKit App.app"; sourceTree = BUILT_PRODUCTS_DIR; };
		81D8589A1C7FF04100E0E3E0 /* Base */ = {isa = PBXFileReference; lastKnownFileType = file.storyboard; name = Base; path = Base.lproj/Interface.storyboard; sourceTree = "<group>"; };
		81D8589C1C7FF04100E0E3E0 /* Assets.xcassets */ = {isa = PBXFileReference; lastKnownFileType = folder.assetcatalog; path = Assets.xcassets; sourceTree = "<group>"; };
		81D8589E1C7FF04100E0E3E0 /* Info.plist */ = {isa = PBXFileReference; lastKnownFileType = text.plist.xml; path = Info.plist; sourceTree = "<group>"; };
		81D858A31C7FF04100E0E3E0 /* PortableDetectorWithAppleWatch WatchKit Extension.appex */ = {isa = PBXFileReference; explicitFileType = "wrapper.app-extension"; includeInIndex = 0; path = "PortableDetectorWithAppleWatch WatchKit Extension.appex"; sourceTree = BUILT_PRODUCTS_DIR; };
		81D858A81C7FF04100E0E3E0 /* InterfaceController.swift */ = {isa = PBXFileReference; lastKnownFileType = sourcecode.swift; path = InterfaceController.swift; sourceTree = "<group>"; };
		81D858AA1C7FF04100E0E3E0 /* ExtensionDelegate.swift */ = {isa = PBXFileReference; lastKnownFileType = sourcecode.swift; path = ExtensionDelegate.swift; sourceTree = "<group>"; };
		81D858AC1C7FF04100E0E3E0 /* Assets.xcassets */ = {isa = PBXFileReference; lastKnownFileType = folder.assetcatalog; path = Assets.xcassets; sourceTree = "<group>"; };
		81D858AE1C7FF04100E0E3E0 /* Info.plist */ = {isa = PBXFileReference; lastKnownFileType = text.plist.xml; path = Info.plist; sourceTree = "<group>"; };
/* End PBXFileReference section */

/* Begin PBXFrameworksBuildPhase section */
		81D8587F1C7FF04000E0E3E0 /* Frameworks */ = {
			isa = PBXFrameworksBuildPhase;
			buildActionMask = 2147483647;
			files = (
				81AA076D1C802BBC00317E7E /* libturbojpeg.a in Frameworks */,
				81AA076E1C802BBC00317E7E /* opencv2.framework in Frameworks */,
				0A96A18F349796309E4301A4 /* Pods.framework in Frameworks */,
			);
			runOnlyForDeploymentPostprocessing = 0;
		};
		81D858A01C7FF04100E0E3E0 /* Frameworks */ = {
			isa = PBXFrameworksBuildPhase;
			buildActionMask = 2147483647;
			files = (
			);
			runOnlyForDeploymentPostprocessing = 0;
		};
/* End PBXFrameworksBuildPhase section */

/* Begin PBXGroup section */
		81AA06BE1C7FF32D00317E7E /* ViewController */ = {
			isa = PBXGroup;
			children = (
				81AA06BF1C7FF32D00317E7E /* RecordsViewController.swift */,
				81AA06C01C7FF32D00317E7E /* SingleRecordViewController.swift */,
				81AA06C11C7FF32D00317E7E /* StatusViewController.swift */,
			);
			path = ViewController;
			sourceTree = "<group>";
		};
		81AA06C81C7FF38A00317E7E /* UI */ = {
			isa = PBXGroup;
			children = (
				81AA06C91C7FF38A00317E7E /* RecordsTableViewCell.swift */,
				81AA06CA1C7FF38A00317E7E /* SingleRecordDetailTableViewCell.swift */,
			);
			path = UI;
			sourceTree = "<group>";
		};
		81AA06CD1C7FF39800317E7E /* Model */ = {
			isa = PBXGroup;
			children = (
				81AA06CE1C7FF39800317E7E /* DetectedRecord.swift */,
				81AA06CF1C7FF39800317E7E /* Detector.swift */,
				81AA06D01C7FF39800317E7E /* DeviceStatusDataModel.swift */,
			);
			path = Model;
			sourceTree = "<group>";
		};
		81AA06D41C7FF3AD00317E7E /* DB */ = {
			isa = PBXGroup;
			children = (
				81AA06D51C7FF3AD00317E7E /* DBAdapter.swift */,
				81AA06D61C7FF3AD00317E7E /* DBHelper.swift */,
			);
			path = DB;
			sourceTree = "<group>";
		};
		81AA06D91C7FF3B500317E7E /* Tool */ = {
			isa = PBXGroup;
			children = (
				81AA06DA1C7FF3B500317E7E /* CameraController.swift */,
				81AA06DB1C7FF3B500317E7E /* RecognizePlateRequire */,
			);
			path = Tool;
			sourceTree = "<group>";
		};
		81AA06DB1C7FF3B500317E7E /* RecognizePlateRequire */ = {
			isa = PBXGroup;
			children = (
				81AA06DC1C7FF3B500317E7E /* bridge */,
				81AA06E61C7FF3B500317E7E /* core */,
				81AA06F11C7FF3B500317E7E /* IdentifyResult.h */,
				81AA06F21C7FF3B500317E7E /* IdentifyResult.m */,
				81AA06F31C7FF3B500317E7E /* include */,
				81AA07011C7FF3B500317E7E /* libturbojpeg.a */,
				81AA07021C7FF3B500317E7E /* main */,
				81AA07051C7FF3B500317E7E /* model */,
				81AA070B1C7FF3B500317E7E /* opencv2.framework */,
				81AA070C1C7FF3B500317E7E /* RecognizePlate.swift */,
			);
			path = RecognizePlateRequire;
			sourceTree = "<group>";
		};
		81AA06DC1C7FF3B500317E7E /* bridge */ = {
			isa = PBXGroup;
			children = (
				81AA06DD1C7FF3B500317E7E /* CVWrapper.h */,
				81AA06DE1C7FF3B500317E7E /* CVWrapper.mm */,
				81AA06DF1C7FF3B500317E7E /* stitching.cpp */,
				81AA06E01C7FF3B500317E7E /* stitching.h */,
				81AA06E11C7FF3B500317E7E /* UIImage+OpenCV.h */,
				81AA06E21C7FF3B500317E7E /* UIImage+OpenCV.mm */,
				81AA06E31C7FF3B500317E7E /* UIImage+Rotate.h */,
				81AA06E41C7FF3B500317E7E /* UIImage+Rotate.m */,
				81AA06E51C7FF3B500317E7E /* ViewController.swift */,
			);
			path = bridge;
			sourceTree = "<group>";
		};
		81AA06E61C7FF3B500317E7E /* core */ = {
			isa = PBXGroup;
			children = (
				81AA06E71C7FF3B500317E7E /* chars_identify.cpp */,
				81AA06E81C7FF3B500317E7E /* chars_recognise.cpp */,
				81AA06E91C7FF3B500317E7E /* chars_segment.cpp */,
				81AA06EA1C7FF3B500317E7E /* core_func.cpp */,
				81AA06EB1C7FF3B500317E7E /* feature.cpp */,
				81AA06EC1C7FF3B500317E7E /* plate.cpp */,
				81AA06ED1C7FF3B500317E7E /* plate_detect.cpp */,
				81AA06EE1C7FF3B500317E7E /* plate_judge.cpp */,
				81AA06EF1C7FF3B500317E7E /* plate_locate.cpp */,
				81AA06F01C7FF3B500317E7E /* plate_recognize.cpp */,
			);
			path = core;
			sourceTree = "<group>";
		};
		81AA06F31C7FF3B500317E7E /* include */ = {
			isa = PBXGroup;
			children = (
				81AA06F41C7FF3B500317E7E /* chars_identify.h */,
				81AA06F51C7FF3B500317E7E /* chars_recognise.h */,
				81AA06F61C7FF3B500317E7E /* chars_segment.h */,
				81AA06F71C7FF3B500317E7E /* core_func.h */,
				81AA06F81C7FF3B500317E7E /* CParser.h */,
				81AA06F91C7FF3B500317E7E /* feature.h */,
				81AA06FA1C7FF3B500317E7E /* plate.h */,
				81AA06FB1C7FF3B500317E7E /* plate_detect.h */,
				81AA06FC1C7FF3B500317E7E /* plate_judge.h */,
				81AA06FD1C7FF3B500317E7E /* plate_locate.h */,
				81AA06FE1C7FF3B500317E7E /* plate_recognize.h */,
				81AA06FF1C7FF3B500317E7E /* prep.h */,
				81AA07001C7FF3B500317E7E /* util.h */,
			);
			path = include;
			sourceTree = "<group>";
		};
		81AA07021C7FF3B500317E7E /* main */ = {
			isa = PBXGroup;
			children = (
				81AA07031C7FF3B500317E7E /* UIImageCVMatConverter.h */,
				81AA07041C7FF3B500317E7E /* UIImageCVMatConverter.mm */,
			);
			path = main;
			sourceTree = "<group>";
		};
		81AA07051C7FF3B500317E7E /* model */ = {
			isa = PBXGroup;
			children = (
				81AA07061C7FF3B500317E7E /* ann - bak.xml */,
				81AA07071C7FF3B500317E7E /* ann.xml */,
				81AA07081C7FF3B500317E7E /* haarcascade_frontalface_alt_tree.xml */,
				81AA07091C7FF3B500317E7E /* haarcascade_frontalface_default.xml */,
				81AA070A1C7FF3B500317E7E /* svm.xml */,
			);
			path = model;
			sourceTree = "<group>";
		};
		81AA07271C7FF3D200317E7E /* Socket */ = {
			isa = PBXGroup;
			children = (
				81AA07601C7FF8AA00317E7E /* SwiftSocket.xcodeproj */,
				81AA073D1C7FF3D200317E7E /* TNClientSocket.swift */,
			);
			path = Socket;
			sourceTree = "<group>";
		};
		81AA07561C7FF53900317E7E /* Utils */ = {
			isa = PBXGroup;
			children = (
				81AA07571C7FF53900317E7E /* theme.swift */,
				81AA07581C7FF53900317E7E /* TNiOSHelper.swift */,
			);
			path = Utils;
			sourceTree = "<group>";
		};
		81AA07611C7FF8AA00317E7E /* Products */ = {
			isa = PBXGroup;
			children = (
				81AA07671C7FF8AB00317E7E /* SwiftSocket */,
				81AA07691C7FF8AB00317E7E /* ysocket.framework */,
				81AA076B1C7FF8AB00317E7E /* ysocketOSX.framework */,
			);
			name = Products;
			sourceTree = "<group>";
		};
		81D858791C7FF04000E0E3E0 = {
			isa = PBXGroup;
			children = (
				81D858841C7FF04000E0E3E0 /* PortableDetectorWithAppleWatch */,
				81D858981C7FF04100E0E3E0 /* PortableDetectorWithAppleWatch WatchKit App */,
				81D858A71C7FF04100E0E3E0 /* PortableDetectorWithAppleWatch WatchKit Extension */,
				81D858831C7FF04000E0E3E0 /* Products */,
				823CC9ED2FC1DE2A69FCADE1 /* Pods */,
				DC9CED47ABFF48A296DFEBDE /* Frameworks */,
			);
			sourceTree = "<group>";
		};
		81D858831C7FF04000E0E3E0 /* Products */ = {
			isa = PBXGroup;
			children = (
				81D858821C7FF04000E0E3E0 /* PortableDetectorWithAppleWatch.app */,
				81D858941C7FF04100E0E3E0 /* PortableDetectorWithAppleWatch WatchKit App.app */,
				81D858A31C7FF04100E0E3E0 /* PortableDetectorWithAppleWatch WatchKit Extension.appex */,
			);
			name = Products;
			sourceTree = "<group>";
		};
		81D858841C7FF04000E0E3E0 /* PortableDetectorWithAppleWatch */ = {
			isa = PBXGroup;
			children = (
				81AA075E1C7FF6DD00317E7E /* PortableDetectorWithAppleWatch-Bridging-Header.h */,
				81AA07561C7FF53900317E7E /* Utils */,
				81AA07271C7FF3D200317E7E /* Socket */,
				81AA06D91C7FF3B500317E7E /* Tool */,
				81AA06D41C7FF3AD00317E7E /* DB */,
				81AA06CD1C7FF39800317E7E /* Model */,
				81AA06C81C7FF38A00317E7E /* UI */,
				81AA06BE1C7FF32D00317E7E /* ViewController */,
				81D858851C7FF04000E0E3E0 /* AppDelegate.swift */,
				81D8588C1C7FF04000E0E3E0 /* Assets.xcassets */,
				81AA06C51C7FF34500317E7E /* Main.storyboard */,
				81D8588E1C7FF04000E0E3E0 /* LaunchScreen.storyboard */,
				81D858911C7FF04000E0E3E0 /* Info.plist */,
			);
			path = PortableDetectorWithAppleWatch;
			sourceTree = "<group>";
		};
		81D858981C7FF04100E0E3E0 /* PortableDetectorWithAppleWatch WatchKit App */ = {
			isa = PBXGroup;
			children = (
				81D858991C7FF04100E0E3E0 /* Interface.storyboard */,
				81D8589C1C7FF04100E0E3E0 /* Assets.xcassets */,
				81D8589E1C7FF04100E0E3E0 /* Info.plist */,
			);
			path = "PortableDetectorWithAppleWatch WatchKit App";
			sourceTree = "<group>";
		};
		81D858A71C7FF04100E0E3E0 /* PortableDetectorWithAppleWatch WatchKit Extension */ = {
			isa = PBXGroup;
			children = (
				81D858A81C7FF04100E0E3E0 /* InterfaceController.swift */,
				81D858AA1C7FF04100E0E3E0 /* ExtensionDelegate.swift */,
				81D858AC1C7FF04100E0E3E0 /* Assets.xcassets */,
				81D858AE1C7FF04100E0E3E0 /* Info.plist */,
			);
			path = "PortableDetectorWithAppleWatch WatchKit Extension";
			sourceTree = "<group>";
		};
		823CC9ED2FC1DE2A69FCADE1 /* Pods */ = {
			isa = PBXGroup;
			children = (
				359D938AA33581C75C83E5B2 /* Pods.debug.xcconfig */,
				42AA9ABC67050B97A2711E53 /* Pods.release.xcconfig */,
			);
			name = Pods;
			sourceTree = "<group>";
		};
		DC9CED47ABFF48A296DFEBDE /* Frameworks */ = {
			isa = PBXGroup;
			children = (
				0B106E8F0FF72CB83FB97351 /* Pods.framework */,
			);
			name = Frameworks;
			sourceTree = "<group>";
		};
/* End PBXGroup section */

/* Begin PBXNativeTarget section */
		81D858811C7FF04000E0E3E0 /* PortableDetectorWithAppleWatch */ = {
			isa = PBXNativeTarget;
			buildConfigurationList = 81D858B91C7FF04100E0E3E0 /* Build configuration list for PBXNativeTarget "PortableDetectorWithAppleWatch" */;
			buildPhases = (
				9CC6146268E8D5634133396C /* Check Pods Manifest.lock */,
				81D8587E1C7FF04000E0E3E0 /* Sources */,
				81D8587F1C7FF04000E0E3E0 /* Frameworks */,
				81D858801C7FF04000E0E3E0 /* Resources */,
				81D858B81C7FF04100E0E3E0 /* Embed Watch Content */,
				CD31E6641B76EECACA8759F2 /* Embed Pods Frameworks */,
				F6D6AF7506BE78B30FF1B83D /* Copy Pods Resources */,
				81AA07541C7FF3ED00317E7E /* CopyFiles */,
			);
			buildRules = (
			);
			dependencies = (
				81D858971C7FF04100E0E3E0 /* PBXTargetDependency */,
			);
			name = PortableDetectorWithAppleWatch;
			productName = PortableDetectorWithAppleWatch;
			productReference = 81D858821C7FF04000E0E3E0 /* PortableDetectorWithAppleWatch.app */;
			productType = "com.apple.product-type.application";
		};
		81D858931C7FF04100E0E3E0 /* PortableDetectorWithAppleWatch WatchKit App */ = {
			isa = PBXNativeTarget;
			buildConfigurationList = 81D858B51C7FF04100E0E3E0 /* Build configuration list for PBXNativeTarget "PortableDetectorWithAppleWatch WatchKit App" */;
			buildPhases = (
				81D858921C7FF04100E0E3E0 /* Resources */,
				81D858B41C7FF04100E0E3E0 /* Embed App Extensions */,
			);
			buildRules = (
			);
			dependencies = (
				81D858A61C7FF04100E0E3E0 /* PBXTargetDependency */,
			);
			name = "PortableDetectorWithAppleWatch WatchKit App";
			productName = "PortableDetectorWithAppleWatch WatchKit App";
			productReference = 81D858941C7FF04100E0E3E0 /* PortableDetectorWithAppleWatch WatchKit App.app */;
			productType = "com.apple.product-type.application.watchapp2";
		};
		81D858A21C7FF04100E0E3E0 /* PortableDetectorWithAppleWatch WatchKit Extension */ = {
			isa = PBXNativeTarget;
			buildConfigurationList = 81D858B11C7FF04100E0E3E0 /* Build configuration list for PBXNativeTarget "PortableDetectorWithAppleWatch WatchKit Extension" */;
			buildPhases = (
				81D8589F1C7FF04100E0E3E0 /* Sources */,
				81D858A01C7FF04100E0E3E0 /* Frameworks */,
				81D858A11C7FF04100E0E3E0 /* Resources */,
			);
			buildRules = (
			);
			dependencies = (
			);
			name = "PortableDetectorWithAppleWatch WatchKit Extension";
			productName = "PortableDetectorWithAppleWatch WatchKit Extension";
			productReference = 81D858A31C7FF04100E0E3E0 /* PortableDetectorWithAppleWatch WatchKit Extension.appex */;
			productType = "com.apple.product-type.watchkit2-extension";
		};
/* End PBXNativeTarget section */

/* Begin PBXProject section */
		81D8587A1C7FF04000E0E3E0 /* Project object */ = {
			isa = PBXProject;
			attributes = {
				LastSwiftUpdateCheck = 0720;
				LastUpgradeCheck = 0720;
				ORGANIZATIONNAME = "缪哲文";
				TargetAttributes = {
					81D858811C7FF04000E0E3E0 = {
						CreatedOnToolsVersion = 7.2;
						DevelopmentTeam = 9PR786DTD4;
					};
					81D858931C7FF04100E0E3E0 = {
						CreatedOnToolsVersion = 7.2;
						DevelopmentTeam = 9PR786DTD4;
					};
					81D858A21C7FF04100E0E3E0 = {
						CreatedOnToolsVersion = 7.2;
						DevelopmentTeam = 9PR786DTD4;
					};
				};
			};
			buildConfigurationList = 81D8587D1C7FF04000E0E3E0 /* Build configuration list for PBXProject "PortableDetectorWithAppleWatch" */;
			compatibilityVersion = "Xcode 3.2";
			developmentRegion = English;
			hasScannedForEncodings = 0;
			knownRegions = (
				en,
				Base,
			);
			mainGroup = 81D858791C7FF04000E0E3E0;
			productRefGroup = 81D858831C7FF04000E0E3E0 /* Products */;
			projectDirPath = "";
			projectReferences = (
				{
					ProductGroup = 81AA07611C7FF8AA00317E7E /* Products */;
					ProjectRef = 81AA07601C7FF8AA00317E7E /* SwiftSocket.xcodeproj */;
				},
			);
			projectRoot = "";
			targets = (
				81D858811C7FF04000E0E3E0 /* PortableDetectorWithAppleWatch */,
				81D858931C7FF04100E0E3E0 /* PortableDetectorWithAppleWatch WatchKit App */,
				81D858A21C7FF04100E0E3E0 /* PortableDetectorWithAppleWatch WatchKit Extension */,
			);
		};
/* End PBXProject section */

/* Begin PBXReferenceProxy section */
		81AA07671C7FF8AB00317E7E /* SwiftSocket */ = {
			isa = PBXReferenceProxy;
			fileType = "compiled.mach-o.executable";
			path = SwiftSocket;
			remoteRef = 81AA07661C7FF8AB00317E7E /* PBXContainerItemProxy */;
			sourceTree = BUILT_PRODUCTS_DIR;
		};
		81AA07691C7FF8AB00317E7E /* ysocket.framework */ = {
			isa = PBXReferenceProxy;
			fileType = wrapper.framework;
			path = ysocket.framework;
			remoteRef = 81AA07681C7FF8AB00317E7E /* PBXContainerItemProxy */;
			sourceTree = BUILT_PRODUCTS_DIR;
		};
		81AA076B1C7FF8AB00317E7E /* ysocketOSX.framework */ = {
			isa = PBXReferenceProxy;
			fileType = wrapper.framework;
			path = ysocketOSX.framework;
			remoteRef = 81AA076A1C7FF8AB00317E7E /* PBXContainerItemProxy */;
			sourceTree = BUILT_PRODUCTS_DIR;
		};
/* End PBXReferenceProxy section */

/* Begin PBXResourcesBuildPhase section */
		81D858801C7FF04000E0E3E0 /* Resources */ = {
			isa = PBXResourcesBuildPhase;
			buildActionMask = 2147483647;
			files = (
				81AA07221C7FF3B500317E7E /* haarcascade_frontalface_alt_tree.xml in Resources */,
				81AA07201C7FF3B500317E7E /* ann - bak.xml in Resources */,
				81AA07231C7FF3B500317E7E /* haarcascade_frontalface_default.xml in Resources */,
				81AA06C71C7FF34500317E7E /* Main.storyboard in Resources */,
				81AA07241C7FF3B500317E7E /* svm.xml in Resources */,
				81D858901C7FF04000E0E3E0 /* LaunchScreen.storyboard in Resources */,
				81AA07211C7FF3B500317E7E /* ann.xml in Resources */,
				81D8588D1C7FF04000E0E3E0 /* Assets.xcassets in Resources */,
			);
			runOnlyForDeploymentPostprocessing = 0;
		};
		81D858921C7FF04100E0E3E0 /* Resources */ = {
			isa = PBXResourcesBuildPhase;
			buildActionMask = 2147483647;
			files = (
				81D8589D1C7FF04100E0E3E0 /* Assets.xcassets in Resources */,
				81D8589B1C7FF04100E0E3E0 /* Interface.storyboard in Resources */,
			);
			runOnlyForDeploymentPostprocessing = 0;
		};
		81D858A11C7FF04100E0E3E0 /* Resources */ = {
			isa = PBXResourcesBuildPhase;
			buildActionMask = 2147483647;
			files = (
				81D858AD1C7FF04100E0E3E0 /* Assets.xcassets in Resources */,
			);
			runOnlyForDeploymentPostprocessing = 0;
		};
/* End PBXResourcesBuildPhase section */

/* Begin PBXShellScriptBuildPhase section */
		9CC6146268E8D5634133396C /* Check Pods Manifest.lock */ = {
			isa = PBXShellScriptBuildPhase;
			buildActionMask = 2147483647;
			files = (
			);
			inputPaths = (
			);
			name = "Check Pods Manifest.lock";
			outputPaths = (
			);
			runOnlyForDeploymentPostprocessing = 0;
			shellPath = /bin/sh;
			shellScript = "diff \"${PODS_ROOT}/../Podfile.lock\" \"${PODS_ROOT}/Manifest.lock\" > /dev/null\nif [[ $? != 0 ]] ; then\n    cat << EOM\nerror: The sandbox is not in sync with the Podfile.lock. Run 'pod install' or update your CocoaPods installation.\nEOM\n    exit 1\nfi\n";
			showEnvVarsInLog = 0;
		};
		CD31E6641B76EECACA8759F2 /* Embed Pods Frameworks */ = {
			isa = PBXShellScriptBuildPhase;
			buildActionMask = 2147483647;
			files = (
			);
			inputPaths = (
			);
			name = "Embed Pods Frameworks";
			outputPaths = (
			);
			runOnlyForDeploymentPostprocessing = 0;
			shellPath = /bin/sh;
			shellScript = "\"${SRCROOT}/Pods/Target Support Files/Pods/Pods-frameworks.sh\"\n";
			showEnvVarsInLog = 0;
		};
		F6D6AF7506BE78B30FF1B83D /* Copy Pods Resources */ = {
			isa = PBXShellScriptBuildPhase;
			buildActionMask = 2147483647;
			files = (
			);
			inputPaths = (
			);
			name = "Copy Pods Resources";
			outputPaths = (
			);
			runOnlyForDeploymentPostprocessing = 0;
			shellPath = /bin/sh;
			shellScript = "\"${SRCROOT}/Pods/Target Support Files/Pods/Pods-resources.sh\"\n";
			showEnvVarsInLog = 0;
		};
/* End PBXShellScriptBuildPhase section */

/* Begin PBXSourcesBuildPhase section */
		81D8587E1C7FF04000E0E3E0 /* Sources */ = {
			isa = PBXSourcesBuildPhase;
			buildActionMask = 2147483647;
			files = (
				81AA06D81C7FF3AD00317E7E /* DBHelper.swift in Sources */,
				81AA07131C7FF3B500317E7E /* chars_identify.cpp in Sources */,
				81AA071D1C7FF3B500317E7E /* IdentifyResult.m in Sources */,
				81AA071B1C7FF3B500317E7E /* plate_locate.cpp in Sources */,
				81AA06D11C7FF39800317E7E /* DetectedRecord.swift in Sources */,
				81AA06D71C7FF3AD00317E7E /* DBAdapter.swift in Sources */,
				81AA07171C7FF3B500317E7E /* feature.cpp in Sources */,
				81AA06D31C7FF39800317E7E /* DeviceStatusDataModel.swift in Sources */,
				81AA07491C7FF3D200317E7E /* TNClientSocket.swift in Sources */,
				81AA07101C7FF3B500317E7E /* UIImage+OpenCV.mm in Sources */,
				81AA06C41C7FF32D00317E7E /* StatusViewController.swift in Sources */,
				81AA07111C7FF3B500317E7E /* UIImage+Rotate.m in Sources */,
				81AA06CB1C7FF38A00317E7E /* RecordsTableViewCell.swift in Sources */,
				81AA07151C7FF3B500317E7E /* chars_segment.cpp in Sources */,
				81AA07181C7FF3B500317E7E /* plate.cpp in Sources */,
				81AA070D1C7FF3B500317E7E /* CameraController.swift in Sources */,
				81AA07121C7FF3B500317E7E /* ViewController.swift in Sources */,
				81AA071C1C7FF3B500317E7E /* plate_recognize.cpp in Sources */,
				81AA070E1C7FF3B500317E7E /* CVWrapper.mm in Sources */,
				81AA07191C7FF3B500317E7E /* plate_detect.cpp in Sources */,
				81AA07261C7FF3B500317E7E /* RecognizePlate.swift in Sources */,
				81AA06D21C7FF39800317E7E /* Detector.swift in Sources */,
				81AA06C31C7FF32D00317E7E /* SingleRecordViewController.swift in Sources */,
				81AA06CC1C7FF38A00317E7E /* SingleRecordDetailTableViewCell.swift in Sources */,
				81D858861C7FF04000E0E3E0 /* AppDelegate.swift in Sources */,
				81AA07161C7FF3B500317E7E /* core_func.cpp in Sources */,
				81AA075A1C7FF53900317E7E /* theme.swift in Sources */,
				81AA06C21C7FF32D00317E7E /* RecordsViewController.swift in Sources */,
				81AA075B1C7FF53900317E7E /* TNiOSHelper.swift in Sources */,
				81AA071A1C7FF3B500317E7E /* plate_judge.cpp in Sources */,
				81AA070F1C7FF3B500317E7E /* stitching.cpp in Sources */,
				81AA071F1C7FF3B500317E7E /* UIImageCVMatConverter.mm in Sources */,
				81AA07141C7FF3B500317E7E /* chars_recognise.cpp in Sources */,
			);
			runOnlyForDeploymentPostprocessing = 0;
		};
		81D8589F1C7FF04100E0E3E0 /* Sources */ = {
			isa = PBXSourcesBuildPhase;
			buildActionMask = 2147483647;
			files = (
				81D858AB1C7FF04100E0E3E0 /* ExtensionDelegate.swift in Sources */,
				81D858A91C7FF04100E0E3E0 /* InterfaceController.swift in Sources */,
			);
			runOnlyForDeploymentPostprocessing = 0;
		};
/* End PBXSourcesBuildPhase section */

/* Begin PBXTargetDependency section */
		81D858971C7FF04100E0E3E0 /* PBXTargetDependency */ = {
			isa = PBXTargetDependency;
			target = 81D858931C7FF04100E0E3E0 /* PortableDetectorWithAppleWatch WatchKit App */;
			targetProxy = 81D858961C7FF04100E0E3E0 /* PBXContainerItemProxy */;
		};
		81D858A61C7FF04100E0E3E0 /* PBXTargetDependency */ = {
			isa = PBXTargetDependency;
			target = 81D858A21C7FF04100E0E3E0 /* PortableDetectorWithAppleWatch WatchKit Extension */;
			targetProxy = 81D858A51C7FF04100E0E3E0 /* PBXContainerItemProxy */;
		};
/* End PBXTargetDependency section */

/* Begin PBXVariantGroup section */
		81AA06C51C7FF34500317E7E /* Main.storyboard */ = {
			isa = PBXVariantGroup;
			children = (
				81AA06C61C7FF34500317E7E /* Base */,
			);
			name = Main.storyboard;
			sourceTree = "<group>";
		};
		81D8588E1C7FF04000E0E3E0 /* LaunchScreen.storyboard */ = {
			isa = PBXVariantGroup;
			children = (
				81D8588F1C7FF04000E0E3E0 /* Base */,
			);
			name = LaunchScreen.storyboard;
			sourceTree = "<group>";
		};
		81D858991C7FF04100E0E3E0 /* Interface.storyboard */ = {
			isa = PBXVariantGroup;
			children = (
				81D8589A1C7FF04100E0E3E0 /* Base */,
			);
			name = Interface.storyboard;
			sourceTree = "<group>";
		};
/* End PBXVariantGroup section */

/* Begin XCBuildConfiguration section */
		81D858AF1C7FF04100E0E3E0 /* Debug */ = {
			isa = XCBuildConfiguration;
			buildSettings = {
				ALWAYS_SEARCH_USER_PATHS = NO;
				CLANG_CXX_LANGUAGE_STANDARD = "gnu++0x";
				CLANG_CXX_LIBRARY = "libc++";
				CLANG_ENABLE_MODULES = YES;
				CLANG_ENABLE_OBJC_ARC = YES;
				CLANG_WARN_BOOL_CONVERSION = YES;
				CLANG_WARN_CONSTANT_CONVERSION = YES;
				CLANG_WARN_DIRECT_OBJC_ISA_USAGE = YES_ERROR;
				CLANG_WARN_EMPTY_BODY = YES;
				CLANG_WARN_ENUM_CONVERSION = YES;
				CLANG_WARN_INT_CONVERSION = YES;
				CLANG_WARN_OBJC_ROOT_CLASS = YES_ERROR;
				CLANG_WARN_UNREACHABLE_CODE = YES;
				CLANG_WARN__DUPLICATE_METHOD_MATCH = YES;
				"CODE_SIGN_IDENTITY[sdk=iphoneos*]" = "iPhone Developer";
				COPY_PHASE_STRIP = NO;
				DEBUG_INFORMATION_FORMAT = dwarf;
				ENABLE_STRICT_OBJC_MSGSEND = YES;
				ENABLE_TESTABILITY = YES;
				GCC_C_LANGUAGE_STANDARD = gnu99;
				GCC_DYNAMIC_NO_PIC = NO;
				GCC_NO_COMMON_BLOCKS = YES;
				GCC_OPTIMIZATION_LEVEL = 0;
				GCC_PREPROCESSOR_DEFINITIONS = (
					"DEBUG=1",
					"$(inherited)",
				);
				GCC_WARN_64_TO_32_BIT_CONVERSION = YES;
				GCC_WARN_ABOUT_RETURN_TYPE = YES_ERROR;
				GCC_WARN_UNDECLARED_SELECTOR = YES;
				GCC_WARN_UNINITIALIZED_AUTOS = YES_AGGRESSIVE;
				GCC_WARN_UNUSED_FUNCTION = YES;
				GCC_WARN_UNUSED_VARIABLE = YES;
				IPHONEOS_DEPLOYMENT_TARGET = 9.2;
				MTL_ENABLE_DEBUG_INFO = YES;
				ONLY_ACTIVE_ARCH = YES;
				SDKROOT = iphoneos;
				SWIFT_OBJC_BRIDGING_HEADER = "PortableDetectorWithAppleWatch/PortableDetectorWithAppleWatch-Bridging-Header.h";
				SWIFT_OPTIMIZATION_LEVEL = "-Onone";
				TARGETED_DEVICE_FAMILY = "1,2";
			};
			name = Debug;
		};
		81D858B01C7FF04100E0E3E0 /* Release */ = {
			isa = XCBuildConfiguration;
			buildSettings = {
				ALWAYS_SEARCH_USER_PATHS = NO;
				CLANG_CXX_LANGUAGE_STANDARD = "gnu++0x";
				CLANG_CXX_LIBRARY = "libc++";
				CLANG_ENABLE_MODULES = YES;
				CLANG_ENABLE_OBJC_ARC = YES;
				CLANG_WARN_BOOL_CONVERSION = YES;
				CLANG_WARN_CONSTANT_CONVERSION = YES;
				CLANG_WARN_DIRECT_OBJC_ISA_USAGE = YES_ERROR;
				CLANG_WARN_EMPTY_BODY = YES;
				CLANG_WARN_ENUM_CONVERSION = YES;
				CLANG_WARN_INT_CONVERSION = YES;
				CLANG_WARN_OBJC_ROOT_CLASS = YES_ERROR;
				CLANG_WARN_UNREACHABLE_CODE = YES;
				CLANG_WARN__DUPLICATE_METHOD_MATCH = YES;
				"CODE_SIGN_IDENTITY[sdk=iphoneos*]" = "iPhone Developer";
				COPY_PHASE_STRIP = NO;
				DEBUG_INFORMATION_FORMAT = "dwarf-with-dsym";
				ENABLE_NS_ASSERTIONS = NO;
				ENABLE_STRICT_OBJC_MSGSEND = YES;
				GCC_C_LANGUAGE_STANDARD = gnu99;
				GCC_NO_COMMON_BLOCKS = YES;
				GCC_WARN_64_TO_32_BIT_CONVERSION = YES;
				GCC_WARN_ABOUT_RETURN_TYPE = YES_ERROR;
				GCC_WARN_UNDECLARED_SELECTOR = YES;
				GCC_WARN_UNINITIALIZED_AUTOS = YES_AGGRESSIVE;
				GCC_WARN_UNUSED_FUNCTION = YES;
				GCC_WARN_UNUSED_VARIABLE = YES;
				IPHONEOS_DEPLOYMENT_TARGET = 9.2;
				MTL_ENABLE_DEBUG_INFO = NO;
				SDKROOT = iphoneos;
				SWIFT_OBJC_BRIDGING_HEADER = "PortableDetectorWithAppleWatch/PortableDetectorWithAppleWatch-Bridging-Header.h";
				TARGETED_DEVICE_FAMILY = "1,2";
				VALIDATE_PRODUCT = YES;
			};
			name = Release;
		};
		81D858B21C7FF04100E0E3E0 /* Debug */ = {
			isa = XCBuildConfiguration;
			buildSettings = {
				INFOPLIST_FILE = "PortableDetectorWithAppleWatch WatchKit Extension/Info.plist";
				LD_RUNPATH_SEARCH_PATHS = "$(inherited) @executable_path/Frameworks @executable_path/../../Frameworks";
				PRODUCT_BUNDLE_IDENTIFIER = miao.PortableDetectorWithAppleWatch.watchkitapp.watchkitextension;
				PRODUCT_NAME = "${TARGET_NAME}";
				SDKROOT = watchos;
				SKIP_INSTALL = YES;
				TARGETED_DEVICE_FAMILY = 4;
				WATCHOS_DEPLOYMENT_TARGET = 2.1;
			};
			name = Debug;
		};
		81D858B31C7FF04100E0E3E0 /* Release */ = {
			isa = XCBuildConfiguration;
			buildSettings = {
				INFOPLIST_FILE = "PortableDetectorWithAppleWatch WatchKit Extension/Info.plist";
				LD_RUNPATH_SEARCH_PATHS = "$(inherited) @executable_path/Frameworks @executable_path/../../Frameworks";
				PRODUCT_BUNDLE_IDENTIFIER = miao.PortableDetectorWithAppleWatch.watchkitapp.watchkitextension;
				PRODUCT_NAME = "${TARGET_NAME}";
				SDKROOT = watchos;
				SKIP_INSTALL = YES;
				TARGETED_DEVICE_FAMILY = 4;
				WATCHOS_DEPLOYMENT_TARGET = 2.1;
			};
			name = Release;
		};
		81D858B61C7FF04100E0E3E0 /* Debug */ = {
			isa = XCBuildConfiguration;
			buildSettings = {
				ASSETCATALOG_COMPILER_APPICON_NAME = AppIcon;
				EMBEDDED_CONTENT_CONTAINS_SWIFT = YES;
				IBSC_MODULE = PortableDetectorWithAppleWatch_WatchKit_Extension;
				INFOPLIST_FILE = "PortableDetectorWithAppleWatch WatchKit App/Info.plist";
				PRODUCT_BUNDLE_IDENTIFIER = miao.PortableDetectorWithAppleWatch.watchkitapp;
				PRODUCT_NAME = "$(TARGET_NAME)";
				SDKROOT = watchos;
				SKIP_INSTALL = YES;
				TARGETED_DEVICE_FAMILY = 4;
				WATCHOS_DEPLOYMENT_TARGET = 2.1;
			};
			name = Debug;
		};
		81D858B71C7FF04100E0E3E0 /* Release */ = {
			isa = XCBuildConfiguration;
			buildSettings = {
				ASSETCATALOG_COMPILER_APPICON_NAME = AppIcon;
				EMBEDDED_CONTENT_CONTAINS_SWIFT = YES;
				IBSC_MODULE = PortableDetectorWithAppleWatch_WatchKit_Extension;
				INFOPLIST_FILE = "PortableDetectorWithAppleWatch WatchKit App/Info.plist";
				PRODUCT_BUNDLE_IDENTIFIER = miao.PortableDetectorWithAppleWatch.watchkitapp;
				PRODUCT_NAME = "$(TARGET_NAME)";
				SDKROOT = watchos;
				SKIP_INSTALL = YES;
				TARGETED_DEVICE_FAMILY = 4;
				WATCHOS_DEPLOYMENT_TARGET = 2.1;
			};
			name = Release;
		};
		81D858BA1C7FF04100E0E3E0 /* Debug */ = {
			isa = XCBuildConfiguration;
			baseConfigurationReference = 359D938AA33581C75C83E5B2 /* Pods.debug.xcconfig */;
			buildSettings = {
				ASSETCATALOG_COMPILER_APPICON_NAME = AppIcon;
				ENABLE_BITCODE = NO;
				FRAMEWORK_SEARCH_PATHS = (
					"$(inherited)",
					"$(PROJECT_DIR)/PortableDetectorWithAppleWatch/Tool/RecognizePlateRequire",
				);
				INFOPLIST_FILE = PortableDetectorWithAppleWatch/Info.plist;
				LD_RUNPATH_SEARCH_PATHS = "$(inherited) @executable_path/Frameworks";
				LIBRARY_SEARCH_PATHS = (
					"$(inherited)",
					"$(PROJECT_DIR)/PortableDetectorWithAppleWatch/Tool/RecognizePlateRequire",
				);
				PRODUCT_BUNDLE_IDENTIFIER = miao.PortableDetectorWithAppleWatch;
				PRODUCT_NAME = "$(TARGET_NAME)";
				SWIFT_OBJC_BRIDGING_HEADER = "PortableDetectorWithAppleWatch/PortableDetectorWithAppleWatch-Bridging-Header.h";
			};
			name = Debug;
		};
		81D858BB1C7FF04100E0E3E0 /* Release */ = {
			isa = XCBuildConfiguration;
			baseConfigurationReference = 42AA9ABC67050B97A2711E53 /* Pods.release.xcconfig */;
			buildSettings = {
				ASSETCATALOG_COMPILER_APPICON_NAME = AppIcon;
				ENABLE_BITCODE = NO;
				FRAMEWORK_SEARCH_PATHS = (
					"$(inherited)",
					"$(PROJECT_DIR)/PortableDetectorWithAppleWatch/Tool/RecognizePlateRequire",
				);
				INFOPLIST_FILE = PortableDetectorWithAppleWatch/Info.plist;
				LD_RUNPATH_SEARCH_PATHS = "$(inherited) @executable_path/Frameworks";
				LIBRARY_SEARCH_PATHS = (
					"$(inherited)",
					"$(PROJECT_DIR)/PortableDetectorWithAppleWatch/Tool/RecognizePlateRequire",
				);
				PRODUCT_BUNDLE_IDENTIFIER = miao.PortableDetectorWithAppleWatch;
				PRODUCT_NAME = "$(TARGET_NAME)";
				SWIFT_OBJC_BRIDGING_HEADER = "PortableDetectorWithAppleWatch/PortableDetectorWithAppleWatch-Bridging-Header.h";
			};
			name = Release;
		};
/* End XCBuildConfiguration section */

/* Begin XCConfigurationList section */
		81D8587D1C7FF04000E0E3E0 /* Build configuration list for PBXProject "PortableDetectorWithAppleWatch" */ = {
			isa = XCConfigurationList;
			buildConfigurations = (
				81D858AF1C7FF04100E0E3E0 /* Debug */,
				81D858B01C7FF04100E0E3E0 /* Release */,
			);
			defaultConfigurationIsVisible = 0;
			defaultConfigurationName = Release;
		};
		81D858B11C7FF04100E0E3E0 /* Build configuration list for PBXNativeTarget "PortableDetectorWithAppleWatch WatchKit Extension" */ = {
			isa = XCConfigurationList;
			buildConfigurations = (
				81D858B21C7FF04100E0E3E0 /* Debug */,
				81D858B31C7FF04100E0E3E0 /* Release */,
			);
			defaultConfigurationIsVisible = 0;
			defaultConfigurationName = Release;
		};
		81D858B51C7FF04100E0E3E0 /* Build configuration list for PBXNativeTarget "PortableDetectorWithAppleWatch WatchKit App" */ = {
			isa = XCConfigurationList;
			buildConfigurations = (
				81D858B61C7FF04100E0E3E0 /* Debug */,
				81D858B71C7FF04100E0E3E0 /* Release */,
			);
			defaultConfigurationIsVisible = 0;
			defaultConfigurationName = Release;
		};
		81D858B91C7FF04100E0E3E0 /* Build configuration list for PBXNativeTarget "PortableDetectorWithAppleWatch" */ = {
			isa = XCConfigurationList;
			buildConfigurations = (
				81D858BA1C7FF04100E0E3E0 /* Debug */,
				81D858BB1C7FF04100E0E3E0 /* Release */,
			);
			defaultConfigurationIsVisible = 0;
			defaultConfigurationName = Release;
		};
/* End XCConfigurationList section */
	};
	rootObject = 81D8587A1C7FF04000E0E3E0 /* Project object */;
}
