// !$*UTF8*$!
{
	archiveVersion = 1;
	classes = {
	};
	objectVersion = 46;
	objects = {

/* Begin PBXBuildFile section */
		81881EF41C69D97900EF2E65 /* AppDelegate.swift in Sources */ = {isa = PBXBuildFile; fileRef = 81881EF31C69D97900EF2E65 /* AppDelegate.swift */; };
		81881EF61C69D97900EF2E65 /* ViewController.swift in Sources */ = {isa = PBXBuildFile; fileRef = 81881EF51C69D97900EF2E65 /* ViewController.swift */; };
		81881EF91C69D97900EF2E65 /* Main.storyboard in Resources */ = {isa = PBXBuildFile; fileRef = 81881EF71C69D97900EF2E65 /* Main.storyboard */; };
		81881EFB1C69D97900EF2E65 /* Assets.xcassets in Resources */ = {isa = PBXBuildFile; fileRef = 81881EFA1C69D97900EF2E65 /* Assets.xcassets */; };
		81881EFE1C69D97900EF2E65 /* LaunchScreen.storyboard in Resources */ = {isa = PBXBuildFile; fileRef = 81881EFC1C69D97900EF2E65 /* LaunchScreen.storyboard */; };
/* End PBXBuildFile section */

/* Begin PBXFileReference section */
		81881EF01C69D97900EF2E65 /* CustomCamera.app */ = {isa = PBXFileReference; explicitFileType = wrapper.application; includeInIndex = 0; path = CustomCamera.app; sourceTree = BUILT_PRODUCTS_DIR; };
		81881EF31C69D97900EF2E65 /* AppDelegate.swift */ = {isa = PBXFileReference; lastKnownFileType = sourcecode.swift; path = AppDelegate.swift; sourceTree = "<group>"; };
		81881EF51C69D97900EF2E65 /* ViewController.swift */ = {isa = PBXFileReference; lastKnownFileType = sourcecode.swift; path = ViewController.swift; sourceTree = "<group>"; };
		81881EF81C69D97900EF2E65 /* Base */ = {isa = PBXFileReference; lastKnownFileType = file.storyboard; name = Base; path = Base.lproj/Main.storyboard; sourceTree = "<group>"; };
		81881EFA1C69D97900EF2E65 /* Assets.xcassets */ = {isa = PBXFileReference; lastKnownFileType = folder.assetcatalog; path = Assets.xcassets; sourceTree = "<group>"; };
		81881EFD1C69D97900EF2E65 /* Base */ = {isa = PBXFileReference; lastKnownFileType = file.storyboard; name = Base; path = Base.lproj/LaunchScreen.storyboard; sourceTree = "<group>"; };
		81881EFF1C69D97900EF2E65 /* Info.plist */ = {isa = PBXFileReference; lastKnownFileType = text.plist.xml; path = Info.plist; sourceTree = "<group>"; };
/* End PBXFileReference section */

/* Begin PBXFrameworksBuildPhase section */
		81881EED1C69D97900EF2E65 /* Frameworks */ = {
			isa = PBXFrameworksBuildPhase;
			buildActionMask = 2147483647;
			files = (
			);
			runOnlyForDeploymentPostprocessing = 0;
		};
/* End PBXFrameworksBuildPhase section */

/* Begin PBXGroup section */
		81881EE71C69D97900EF2E65 = {
			isa = PBXGroup;
			children = (
				81881EF21C69D97900EF2E65 /* CustomCamera */,
				81881EF11C69D97900EF2E65 /* Products */,
			);
			sourceTree = "<group>";
		};
		81881EF11C69D97900EF2E65 /* Products */ = {
			isa = PBXGroup;
			children = (
				81881EF01C69D97900EF2E65 /* CustomCamera.app */,
			);
			name = Products;
			sourceTree = "<group>";
		};
		81881EF21C69D97900EF2E65 /* CustomCamera */ = {
			isa = PBXGroup;
			children = (
				81881EF31C69D97900EF2E65 /* AppDelegate.swift */,
				81881EF51C69D97900EF2E65 /* ViewController.swift */,
				81881EF71C69D97900EF2E65 /* Main.storyboard */,
				81881EFA1C69D97900EF2E65 /* Assets.xcassets */,
				81881EFC1C69D97900EF2E65 /* LaunchScreen.storyboard */,
				81881EFF1C69D97900EF2E65 /* Info.plist */,
			);
			path = CustomCamera;
			sourceTree = "<group>";
		};
/* End PBXGroup section */

/* Begin PBXNativeTarget section */
		81881EEF1C69D97900EF2E65 /* CustomCamera */ = {
			isa = PBXNativeTarget;
			buildConfigurationList = 81881F021C69D97900EF2E65 /* Build configuration list for PBXNativeTarget "CustomCamera" */;
			buildPhases = (
				81881EEC1C69D97900EF2E65 /* Sources */,
				81881EED1C69D97900EF2E65 /* Frameworks */,
				81881EEE1C69D97900EF2E65 /* Resources */,
			);
			buildRules = (
			);
			dependencies = (
			);
			name = CustomCamera;
			productName = CustomCamera;
			productReference = 81881EF01C69D97900EF2E65 /* CustomCamera.app */;
			productType = "com.apple.product-type.application";
		};
/* End PBXNativeTarget section */

/* Begin PBXProject section */
		81881EE81C69D97900EF2E65 /* Project object */ = {
			isa = PBXProject;
			attributes = {
				LastSwiftUpdateCheck = 0720;
				LastUpgradeCheck = 0720;
				ORGANIZATIONNAME = "缪哲文";
				TargetAttributes = {
					81881EEF1C69D97900EF2E65 = {
						CreatedOnToolsVersion = 7.2;
						DevelopmentTeam = 9PR786DTD4;
					};
				};
			};
			buildConfigurationList = 81881EEB1C69D97900EF2E65 /* Build configuration list for PBXProject "CustomCamera" */;
			compatibilityVersion = "Xcode 3.2";
			developmentRegion = English;
			hasScannedForEncodings = 0;
			knownRegions = (
				en,
				Base,
			);
			mainGroup = 81881EE71C69D97900EF2E65;
			productRefGroup = 81881EF11C69D97900EF2E65 /* Products */;
			projectDirPath = "";
			projectRoot = "";
			targets = (
				81881EEF1C69D97900EF2E65 /* CustomCamera */,
			);
		};
/* End PBXProject section */

/* Begin PBXResourcesBuildPhase section */
		81881EEE1C69D97900EF2E65 /* Resources */ = {
			isa = PBXResourcesBuildPhase;
			buildActionMask = 2147483647;
			files = (
				81881EFE1C69D97900EF2E65 /* LaunchScreen.storyboard in Resources */,
				81881EFB1C69D97900EF2E65 /* Assets.xcassets in Resources */,
				81881EF91C69D97900EF2E65 /* Main.storyboard in Resources */,
			);
			runOnlyForDeploymentPostprocessing = 0;
		};
/* End PBXResourcesBuildPhase section */

/* Begin PBXSourcesBuildPhase section */
		81881EEC1C69D97900EF2E65 /* Sources */ = {
			isa = PBXSourcesBuildPhase;
			buildActionMask = 2147483647;
			files = (
				81881EF61C69D97900EF2E65 /* ViewController.swift in Sources */,
				81881EF41C69D97900EF2E65 /* AppDelegate.swift in Sources */,
			);
			runOnlyForDeploymentPostprocessing = 0;
		};
/* End PBXSourcesBuildPhase section */

/* Begin PBXVariantGroup section */
		81881EF71C69D97900EF2E65 /* Main.storyboard */ = {
			isa = PBXVariantGroup;
			children = (
				81881EF81C69D97900EF2E65 /* Base */,
			);
			name = Main.storyboard;
			sourceTree = "<group>";
		};
		81881EFC1C69D97900EF2E65 /* LaunchScreen.storyboard */ = {
			isa = PBXVariantGroup;
			children = (
				81881EFD1C69D97900EF2E65 /* Base */,
			);
			name = LaunchScreen.storyboard;
			sourceTree = "<group>";
		};
/* End PBXVariantGroup section */

/* Begin XCBuildConfiguration section */
		81881F001C69D97900EF2E65 /* Debug */ = {
			isa = XCBuildConfiguration;
			buildSettings = {
				ALWAYS_SEARCH_USER_PATHS = NO;
				CLANG_CXX_LANGUAGE_STANDARD = "gnu++0x";
				CLANG_CXX_LIBRARY = "libc++";
				CLANG_ENABLE_MODULES = YES;
				CLANG_ENABLE_OBJC_ARC = YES;
				CLANG_WARN_BOOL_CONVERSION = YES;
				CLANG_WARN_CONSTANT_CONVERSION = YES;
				CLANG_WARN_DIRECT_OBJC_ISA_USAGE = YES_ERROR;
				CLANG_WARN_EMPTY_BODY = YES;
				CLANG_WARN_ENUM_CONVERSION = YES;
				CLANG_WARN_INT_CONVERSION = YES;
				CLANG_WARN_OBJC_ROOT_CLASS = YES_ERROR;
				CLANG_WARN_UNREACHABLE_CODE = YES;
				CLANG_WARN__DUPLICATE_METHOD_MATCH = YES;
				"CODE_SIGN_IDENTITY[sdk=iphoneos*]" = "iPhone Developer";
				COPY_PHASE_STRIP = NO;
				DEBUG_INFORMATION_FORMAT = dwarf;
				ENABLE_STRICT_OBJC_MSGSEND = YES;
				ENABLE_TESTABILITY = YES;
				GCC_C_LANGUAGE_STANDARD = gnu99;
				GCC_DYNAMIC_NO_PIC = NO;
				GCC_NO_COMMON_BLOCKS = YES;
				GCC_OPTIMIZATION_LEVEL = 0;
				GCC_PREPROCESSOR_DEFINITIONS = (
					"DEBUG=1",
					"$(inherited)",
				);
				GCC_WARN_64_TO_32_BIT_CONVERSION = YES;
				GCC_WARN_ABOUT_RETURN_TYPE = YES_ERROR;
				GCC_WARN_UNDECLARED_SELECTOR = YES;
				GCC_WARN_UNINITIALIZED_AUTOS = YES_AGGRESSIVE;
				GCC_WARN_UNUSED_FUNCTION = YES;
				GCC_WARN_UNUSED_VARIABLE = YES;
				IPHONEOS_DEPLOYMENT_TARGET = 9.2;
				MTL_ENABLE_DEBUG_INFO = YES;
				ONLY_ACTIVE_ARCH = YES;
				SDKROOT = iphoneos;
				SWIFT_OPTIMIZATION_LEVEL = "-Onone";
			};
			name = Debug;
		};
		81881F011C69D97900EF2E65 /* Release */ = {
			isa = XCBuildConfiguration;
			buildSettings = {
				ALWAYS_SEARCH_USER_PATHS = NO;
				CLANG_CXX_LANGUAGE_STANDARD = "gnu++0x";
				CLANG_CXX_LIBRARY = "libc++";
				CLANG_ENABLE_MODULES = YES;
				CLANG_ENABLE_OBJC_ARC = YES;
				CLANG_WARN_BOOL_CONVERSION = YES;
				CLANG_WARN_CONSTANT_CONVERSION = YES;
				CLANG_WARN_DIRECT_OBJC_ISA_USAGE = YES_ERROR;
				CLANG_WARN_EMPTY_BODY = YES;
				CLANG_WARN_ENUM_CONVERSION = YES;
				CLANG_WARN_INT_CONVERSION = YES;
				CLANG_WARN_OBJC_ROOT_CLASS = YES_ERROR;
				CLANG_WARN_UNREACHABLE_CODE = YES;
				CLANG_WARN__DUPLICATE_METHOD_MATCH = YES;
				"CODE_SIGN_IDENTITY[sdk=iphoneos*]" = "iPhone Developer";
				COPY_PHASE_STRIP = NO;
				DEBUG_INFORMATION_FORMAT = "dwarf-with-dsym";
				ENABLE_NS_ASSERTIONS = NO;
				ENABLE_STRICT_OBJC_MSGSEND = YES;
				GCC_C_LANGUAGE_STANDARD = gnu99;
				GCC_NO_COMMON_BLOCKS = YES;
				GCC_WARN_64_TO_32_BIT_CONVERSION = YES;
				GCC_WARN_ABOUT_RETURN_TYPE = YES_ERROR;
				GCC_WARN_UNDECLARED_SELECTOR = YES;
				GCC_WARN_UNINITIALIZED_AUTOS = YES_AGGRESSIVE;
				GCC_WARN_UNUSED_FUNCTION = YES;
				GCC_WARN_UNUSED_VARIABLE = YES;
				IPHONEOS_DEPLOYMENT_TARGET = 9.2;
				MTL_ENABLE_DEBUG_INFO = NO;
				SDKROOT = iphoneos;
				VALIDATE_PRODUCT = YES;
			};
			name = Release;
		};
		81881F031C69D97900EF2E65 /* Debug */ = {
			isa = XCBuildConfiguration;
			buildSettings = {
				ASSETCATALOG_COMPILER_APPICON_NAME = AppIcon;
				INFOPLIST_FILE = CustomCamera/Info.plist;
				LD_RUNPATH_SEARCH_PATHS = "$(inherited) @executable_path/Frameworks";
				PRODUCT_BUNDLE_IDENTIFIER = miao.CustomCamera;
				PRODUCT_NAME = "$(TARGET_NAME)";
			};
			name = Debug;
		};
		81881F041C69D97900EF2E65 /* Release */ = {
			isa = XCBuildConfiguration;
			buildSettings = {
				ASSETCATALOG_COMPILER_APPICON_NAME = AppIcon;
				INFOPLIST_FILE = CustomCamera/Info.plist;
				LD_RUNPATH_SEARCH_PATHS = "$(inherited) @executable_path/Frameworks";
				PRODUCT_BUNDLE_IDENTIFIER = miao.CustomCamera;
				PRODUCT_NAME = "$(TARGET_NAME)";
			};
			name = Release;
		};
/* End XCBuildConfiguration section */

/* Begin XCConfigurationList section */
		81881EEB1C69D97900EF2E65 /* Build configuration list for PBXProject "CustomCamera" */ = {
			isa = XCConfigurationList;
			buildConfigurations = (
				81881F001C69D97900EF2E65 /* Debug */,
				81881F011C69D97900EF2E65 /* Release */,
			);
			defaultConfigurationIsVisible = 0;
			defaultConfigurationName = Release;
		};
		81881F021C69D97900EF2E65 /* Build configuration list for PBXNativeTarget "CustomCamera" */ = {
			isa = XCConfigurationList;
			buildConfigurations = (
				81881F031C69D97900EF2E65 /* Debug */,
				81881F041C69D97900EF2E65 /* Release */,
			);
			defaultConfigurationIsVisible = 0;
			defaultConfigurationName = Release;
		};
/* End XCConfigurationList section */
	};
	rootObject = 81881EE81C69D97900EF2E65 /* Project object */;
}
